// !$*UTF8*$!
{
	archiveVersion = 1;
	classes = {
	};
	objectVersion = 46;
	objects = {

/* Begin PBXBuildFile section */
		6DC232D51DFDB198007EA84C /* AppDelegate.swift in Sources */ = {isa = PBXBuildFile; fileRef = 6DC232D41DFDB198007EA84C /* AppDelegate.swift */; };
		6DC232D71DFDB198007EA84C /* ViewController.swift in Sources */ = {isa = PBXBuildFile; fileRef = 6DC232D61DFDB198007EA84C /* ViewController.swift */; };
		6DC232DA1DFDB198007EA84C /* Main.storyboard in Resources */ = {isa = PBXBuildFile; fileRef = 6DC232D81DFDB198007EA84C /* Main.storyboard */; };
		6DC232DC1DFDB198007EA84C /* Assets.xcassets in Resources */ = {isa = PBXBuildFile; fileRef = 6DC232DB1DFDB198007EA84C /* Assets.xcassets */; };
		6DC232DF1DFDB198007EA84C /* LaunchScreen.storyboard in Resources */ = {isa = PBXBuildFile; fileRef = 6DC232DD1DFDB198007EA84C /* LaunchScreen.storyboard */; };
/* End PBXBuildFile section */

/* Begin PBXFileReference section */
		6DC232D11DFDB198007EA84C /* SwiftApp2.app */ = {isa = PBXFileReference; explicitFileType = wrapper.application; includeInIndex = 0; path = SwiftApp2.app; sourceTree = BUILT_PRODUCTS_DIR; };
		6DC232D41DFDB198007EA84C /* AppDelegate.swift */ = {isa = PBXFileReference; lastKnownFileType = sourcecode.swift; path = AppDelegate.swift; sourceTree = "<group>"; };
		6DC232D61DFDB198007EA84C /* ViewController.swift */ = {isa = PBXFileReference; lastKnownFileType = sourcecode.swift; path = ViewController.swift; sourceTree = "<group>"; };
		6DC232D91DFDB198007EA84C /* Base */ = {isa = PBXFileReference; lastKnownFileType = file.storyboard; name = Base; path = Base.lproj/Main.storyboard; sourceTree = "<group>"; };
		6DC232DB1DFDB198007EA84C /* Assets.xcassets */ = {isa = PBXFileReference; lastKnownFileType = folder.assetcatalog; path = Assets.xcassets; sourceTree = "<group>"; };
		6DC232DE1DFDB198007EA84C /* Base */ = {isa = PBXFileReference; lastKnownFileType = file.storyboard; name = Base; path = Base.lproj/LaunchScreen.storyboard; sourceTree = "<group>"; };
		6DC232E01DFDB198007EA84C /* Info.plist */ = {isa = PBXFileReference; lastKnownFileType = text.plist.xml; path = Info.plist; sourceTree = "<group>"; };
/* End PBXFileReference section */

/* Begin PBXFrameworksBuildPhase section */
		6DC232CE1DFDB198007EA84C /* Frameworks */ = {
			isa = PBXFrameworksBuildPhase;
			buildActionMask = 2147483647;
			files = (
			);
			runOnlyForDeploymentPostprocessing = 0;
		};
/* End PBXFrameworksBuildPhase section */

/* Begin PBXGroup section */
		6DC232C81DFDB198007EA84C = {
			isa = PBXGroup;
			children = (
				6DC232D31DFDB198007EA84C /* SwiftApp2 */,
				6DC232D21DFDB198007EA84C /* Products */,
			);
			sourceTree = "<group>";
		};
		6DC232D21DFDB198007EA84C /* Products */ = {
			isa = PBXGroup;
			children = (
				6DC232D11DFDB198007EA84C /* SwiftApp2.app */,
			);
			name = Products;
			sourceTree = "<group>";
		};
		6DC232D31DFDB198007EA84C /* SwiftApp2 */ = {
			isa = PBXGroup;
			children = (
				6DC232D41DFDB198007EA84C /* AppDelegate.swift */,
				6DC232D61DFDB198007EA84C /* ViewController.swift */,
				6DC232D81DFDB198007EA84C /* Main.storyboard */,
				6DC232DB1DFDB198007EA84C /* Assets.xcassets */,
				6DC232DD1DFDB198007EA84C /* LaunchScreen.storyboard */,
				6DC232E01DFDB198007EA84C /* Info.plist */,
			);
			path = SwiftApp2;
			sourceTree = "<group>";
		};
/* End PBXGroup section */

/* Begin PBXNativeTarget section */
		6DC232D01DFDB198007EA84C /* SwiftApp2 */ = {
			isa = PBXNativeTarget;
			buildConfigurationList = 6DC232E31DFDB198007EA84C /* Build configuration list for PBXNativeTarget "SwiftApp2" */;
			buildPhases = (
				6DC232CD1DFDB198007EA84C /* Sources */,
				6DC232CE1DFDB198007EA84C /* Frameworks */,
				6DC232CF1DFDB198007EA84C /* Resources */,
			);
			buildRules = (
			);
			dependencies = (
			);
			name = SwiftApp2;
			productName = SwiftApp2;
			productReference = 6DC232D11DFDB198007EA84C /* SwiftApp2.app */;
			productType = "com.apple.product-type.application";
		};
/* End PBXNativeTarget section */

/* Begin PBXProject section */
		6DC232C91DFDB198007EA84C /* Project object */ = {
			isa = PBXProject;
			attributes = {
				LastSwiftUpdateCheck = 0810;
				LastUpgradeCheck = 0810;
				ORGANIZATIONNAME = "Matt Blake";
				TargetAttributes = {
					6DC232D01DFDB198007EA84C = {
						CreatedOnToolsVersion = 8.1;
						ProvisioningStyle = Automatic;
					};
				};
			};
			buildConfigurationList = 6DC232CC1DFDB198007EA84C /* Build configuration list for PBXProject "SwiftApp2" */;
			compatibilityVersion = "Xcode 3.2";
			developmentRegion = English;
			hasScannedForEncodings = 0;
			knownRegions = (
				en,
				Base,
			);
			mainGroup = 6DC232C81DFDB198007EA84C;
			productRefGroup = 6DC232D21DFDB198007EA84C /* Products */;
			projectDirPath = "";
			projectRoot = "";
			targets = (
				6DC232D01DFDB198007EA84C /* SwiftApp2 */,
			);
		};
/* End PBXProject section */

/* Begin PBXResourcesBuildPhase section */
		6DC232CF1DFDB198007EA84C /* Resources */ = {
			isa = PBXResourcesBuildPhase;
			buildActionMask = 2147483647;
			files = (
				6DC232DF1DFDB198007EA84C /* LaunchScreen.storyboard in Resources */,
				6DC232DC1DFDB198007EA84C /* Assets.xcassets in Resources */,
				6DC232DA1DFDB198007EA84C /* Main.storyboard in Resources */,
			);
			runOnlyForDeploymentPostprocessing = 0;
		};
/* End PBXResourcesBuildPhase section */

/* Begin PBXSourcesBuildPhase section */
		6DC232CD1DFDB198007EA84C /* Sources */ = {
			isa = PBXSourcesBuildPhase;
			buildActionMask = 2147483647;
			files = (
				6DC232D71DFDB198007EA84C /* ViewController.swift in Sources */,
				6DC232D51DFDB198007EA84C /* AppDelegate.swift in Sources */,
			);
			runOnlyForDeploymentPostprocessing = 0;
		};
/* End PBXSourcesBuildPhase section */

/* Begin PBXVariantGroup section */
		6DC232D81DFDB198007EA84C /* Main.storyboard */ = {
			isa = PBXVariantGroup;
			children = (
				6DC232D91DFDB198007EA84C /* Base */,
			);
			name = Main.storyboard;
			sourceTree = "<group>";
		};
		6DC232DD1DFDB198007EA84C /* LaunchScreen.storyboard */ = {
			isa = PBXVariantGroup;
			children = (
				6DC232DE1DFDB198007EA84C /* Base */,
			);
			name = LaunchScreen.storyboard;
			sourceTree = "<group>";
		};
/* End PBXVariantGroup section */

/* Begin XCBuildConfiguration section */
		6DC232E11DFDB198007EA84C /* Debug */ = {
			isa = XCBuildConfiguration;
			buildSettings = {
				ALWAYS_SEARCH_USER_PATHS = NO;
				CLANG_ANALYZER_NONNULL = YES;
				CLANG_CXX_LANGUAGE_STANDARD = "gnu++0x";
				CLANG_CXX_LIBRARY = "libc++";
				CLANG_ENABLE_MODULES = YES;
				CLANG_ENABLE_OBJC_ARC = YES;
				CLANG_WARN_BOOL_CONVERSION = YES;
				CLANG_WARN_CONSTANT_CONVERSION = YES;
				CLANG_WARN_DIRECT_OBJC_ISA_USAGE = YES_ERROR;
				CLANG_WARN_DOCUMENTATION_COMMENTS = YES;
				CLANG_WARN_EMPTY_BODY = YES;
				CLANG_WARN_ENUM_CONVERSION = YES;
				CLANG_WARN_INFINITE_RECURSION = YES;
				CLANG_WARN_INT_CONVERSION = YES;
				CLANG_WARN_OBJC_ROOT_CLASS = YES_ERROR;
				CLANG_WARN_SUSPICIOUS_MOVES = YES;
				CLANG_WARN_UNREACHABLE_CODE = YES;
				CLANG_WARN__DUPLICATE_METHOD_MATCH = YES;
				"CODE_SIGN_IDENTITY[sdk=iphoneos*]" = "iPhone Developer";
				COPY_PHASE_STRIP = NO;
				DEBUG_INFORMATION_FORMAT = dwarf;
				ENABLE_STRICT_OBJC_MSGSEND = YES;
				ENABLE_TESTABILITY = YES;
				GCC_C_LANGUAGE_STANDARD = gnu99;
				GCC_DYNAMIC_NO_PIC = NO;
				GCC_NO_COMMON_BLOCKS = YES;
				GCC_OPTIMIZATION_LEVEL = 0;
				GCC_PREPROCESSOR_DEFINITIONS = (
					"DEBUG=1",
					"$(inherited)",
				);
				GCC_WARN_64_TO_32_BIT_CONVERSION = YES;
				GCC_WARN_ABOUT_RETURN_TYPE = YES_ERROR;
				GCC_WARN_UNDECLARED_SELECTOR = YES;
				GCC_WARN_UNINITIALIZED_AUTOS = YES_AGGRESSIVE;
				GCC_WARN_UNUSED_FUNCTION = YES;
				GCC_WARN_UNUSED_VARIABLE = YES;
				IPHONEOS_DEPLOYMENT_TARGET = 10.1;
				MTL_ENABLE_DEBUG_INFO = YES;
				ONLY_ACTIVE_ARCH = YES;
				SDKROOT = iphoneos;
				SWIFT_ACTIVE_COMPILATION_CONDITIONS = DEBUG;
				SWIFT_OPTIMIZATION_LEVEL = "-Onone";
				TARGETED_DEVICE_FAMILY = "1,2";
			};
			name = Debug;
		};
		6DC232E21DFDB198007EA84C /* Release */ = {
			isa = XCBuildConfiguration;
			buildSettings = {
				ALWAYS_SEARCH_USER_PATHS = NO;
				CLANG_ANALYZER_NONNULL = YES;
				CLANG_CXX_LANGUAGE_STANDARD = "gnu++0x";
				CLANG_CXX_LIBRARY = "libc++";
				CLANG_ENABLE_MODULES = YES;
				CLANG_ENABLE_OBJC_ARC = YES;
				CLANG_WARN_BOOL_CONVERSION = YES;
				CLANG_WARN_CONSTANT_CONVERSION = YES;
				CLANG_WARN_DIRECT_OBJC_ISA_USAGE = YES_ERROR;
				CLANG_WARN_DOCUMENTATION_COMMENTS = YES;
				CLANG_WARN_EMPTY_BODY = YES;
				CLANG_WARN_ENUM_CONVERSION = YES;
				CLANG_WARN_INFINITE_RECURSION = YES;
				CLANG_WARN_INT_CONVERSION = YES;
				CLANG_WARN_OBJC_ROOT_CLASS = YES_ERROR;
				CLANG_WARN_SUSPICIOUS_MOVES = YES;
				CLANG_WARN_UNREACHABLE_CODE = YES;
				CLANG_WARN__DUPLICATE_METHOD_MATCH = YES;
				"CODE_SIGN_IDENTITY[sdk=iphoneos*]" = "iPhone Developer";
				COPY_PHASE_STRIP = NO;
				DEBUG_INFORMATION_FORMAT = "dwarf-with-dsym";
				ENABLE_NS_ASSERTIONS = NO;
				ENABLE_STRICT_OBJC_MSGSEND = YES;
				GCC_C_LANGUAGE_STANDARD = gnu99;
				GCC_NO_COMMON_BLOCKS = YES;
				GCC_WARN_64_TO_32_BIT_CONVERSION = YES;
				GCC_WARN_ABOUT_RETURN_TYPE = YES_ERROR;
				GCC_WARN_UNDECLARED_SELECTOR = YES;
				GCC_WARN_UNINITIALIZED_AUTOS = YES_AGGRESSIVE;
				GCC_WARN_UNUSED_FUNCTION = YES;
				GCC_WARN_UNUSED_VARIABLE = YES;
				IPHONEOS_DEPLOYMENT_TARGET = 10.1;
				MTL_ENABLE_DEBUG_INFO = NO;
				SDKROOT = iphoneos;
				SWIFT_OPTIMIZATION_LEVEL = "-Owholemodule";
				TARGETED_DEVICE_FAMILY = "1,2";
				VALIDATE_PRODUCT = YES;
			};
			name = Release;
		};
		6DC232E41DFDB198007EA84C /* Debug */ = {
			isa = XCBuildConfiguration;
			buildSettings = {
				ASSETCATALOG_COMPILER_APPICON_NAME = AppIcon;
				INFOPLIST_FILE = SwiftApp2/Info.plist;
				LD_RUNPATH_SEARCH_PATHS = "$(inherited) @executable_path/Frameworks";
				PRODUCT_BUNDLE_IDENTIFIER = com.lemon.SwiftApp2;
				PRODUCT_NAME = "$(TARGET_NAME)";
				SWIFT_VERSION = 3.0;
			};
			name = Debug;
		};
		6DC232E51DFDB198007EA84C /* Release */ = {
			isa = XCBuildConfiguration;
			buildSettings = {
				ASSETCATALOG_COMPILER_APPICON_NAME = AppIcon;
				INFOPLIST_FILE = SwiftApp2/Info.plist;
				LD_RUNPATH_SEARCH_PATHS = "$(inherited) @executable_path/Frameworks";
				PRODUCT_BUNDLE_IDENTIFIER = com.lemon.SwiftApp2;
				PRODUCT_NAME = "$(TARGET_NAME)";
				SWIFT_VERSION = 3.0;
			};
			name = Release;
		};
/* End XCBuildConfiguration section */

/* Begin XCConfigurationList section */
		6DC232CC1DFDB198007EA84C /* Build configuration list for PBXProject "SwiftApp2" */ = {
			isa = XCConfigurationList;
			buildConfigurations = (
				6DC232E11DFDB198007EA84C /* Debug */,
				6DC232E21DFDB198007EA84C /* Release */,
			);
			defaultConfigurationIsVisible = 0;
			defaultConfigurationName = Release;
		};
		6DC232E31DFDB198007EA84C /* Build configuration list for PBXNativeTarget "SwiftApp2" */ = {
			isa = XCConfigurationList;
			buildConfigurations = (
				6DC232E41DFDB198007EA84C /* Debug */,
				6DC232E51DFDB198007EA84C /* Release */,
			);
			defaultConfigurationIsVisible = 0;
		};
/* End XCConfigurationList section */
	};
	rootObject = 6DC232C91DFDB198007EA84C /* Project object */;
}
